
Microsoft Visual Studio Solution File, Format Version 12.00
# Visual Studio Version 17
VisualStudioVersion = 17.10.34916.146
MinimumVisualStudioVersion = 10.0.40219.1
Project("{9A19103F-16F7-4668-BE54-9A1E7A4F7556}") = "FestasApp", "FestasApp\FestasApp.csproj", "{3F9854E4-3768-4451-8C5E-CA5D352373A2}"
EndProject
Project("{2150E333-8FDC-42A3-9474-1A3956D46DE8}") = "docs", "docs", "{0405F1F1-FB2F-4308-AB4C-697694F77B6C}"
EndProject
Project("{2150E333-8FDC-42A3-9474-1A3956D46DE8}") = "tools", "tools", "{A32E13C0-8088-4790-A27D-768188A066DA}"
EndProject
Project("{2150E333-8FDC-42A3-9474-1A3956D46DE8}") = "Itens de Solução", "Itens de Solução", "{2EC6505B-2477-43F1-B44D-844F998AAB6D}"
EndProject
Project("{9A19103F-16F7-4668-BE54-9A1E7A4F7556}") = "MyFramework", "..\..\MyFramework\MyFramework\MyFramework.csproj", "{9E4401D4-90F1-4743-AB42-5BFDFB0237B1}"
EndProject
Global
	GlobalSection(SolutionConfigurationPlatforms) = preSolution
		Debug|Any CPU = Debug|Any CPU
		Release|Any CPU = Release|Any CPU
	EndGlobalSection
	GlobalSection(ProjectConfigurationPlatforms) = postSolution
		{3F9854E4-3768-4451-8C5E-CA5D352373A2}.Debug|Any CPU.ActiveCfg = Debug|Any CPU
		{3F9854E4-3768-4451-8C5E-CA5D352373A2}.Debug|Any CPU.Build.0 = Debug|Any CPU
		{3F9854E4-3768-4451-8C5E-CA5D352373A2}.Release|Any CPU.ActiveCfg = Release|Any CPU
		{3F9854E4-3768-4451-8C5E-CA5D352373A2}.Release|Any CPU.Build.0 = Release|Any CPU
		{9E4401D4-90F1-4743-AB42-5BFDFB0237B1}.Debug|Any CPU.ActiveCfg = Debug|Any CPU
		{9E4401D4-90F1-4743-AB42-5BFDFB0237B1}.Debug|Any CPU.Build.0 = Debug|Any CPU
		{9E4401D4-90F1-4743-AB42-5BFDFB0237B1}.Release|Any CPU.ActiveCfg = Release|Any CPU
		{9E4401D4-90F1-4743-AB42-5BFDFB0237B1}.Release|Any CPU.Build.0 = Release|Any CPU
	EndGlobalSection
	GlobalSection(SolutionProperties) = preSolution
		HideSolutionNode = FALSE
	EndGlobalSection
	GlobalSection(ExtensibilityGlobals) = postSolution
		SolutionGuid = {507E6FD3-2738-4C0E-89E2-4C789F7FCC24}
	EndGlobalSection
EndGlobal
